
Microsoft Visual Studio Solution File, Format Version 12.00
# Visual Studio Version 16
VisualStudioVersion = 16.0.31321.278
MinimumVisualStudioVersion = 10.0.40219.1
Project("{FAE04EC0-301F-11D3-BF4B-00C04F79EFBC}") = "opencv_py", "opencv_py\opencv_py.csproj", "{791CB1A7-BA6A-41F0-A8C6-007761BCD60C}"
EndProject
Global
	GlobalSection(SolutionConfigurationPlatforms) = preSolution
		Debug|Any CPU = Debug|Any CPU
		Release|Any CPU = Release|Any CPU
	EndGlobalSection
	GlobalSection(ProjectConfigurationPlatforms) = postSolution
		{791CB1A7-BA6A-41F0-A8C6-007761BCD60C}.Debug|Any CPU.ActiveCfg = Debug|Any CPU
		{791CB1A7-BA6A-41F0-A8C6-007761BCD60C}.Debug|Any CPU.Build.0 = Debug|Any CPU
		{791CB1A7-BA6A-41F0-A8C6-007761BCD60C}.Release|Any CPU.ActiveCfg = Release|Any CPU
		{791CB1A7-BA6A-41F0-A8C6-007761BCD60C}.Release|Any CPU.Build.0 = Release|Any CPU
	EndGlobalSection
	GlobalSection(SolutionProperties) = preSolution
		HideSolutionNode = FALSE
	EndGlobalSection
	GlobalSection(ExtensibilityGlobals) = postSolution
		SolutionGuid = {6736CF39-0907-42C2-80B9-9FE1027BC588}
	EndGlobalSection
EndGlobal
